// !$*UTF8*$!
{
	archiveVersion = 1;
	classes = {
	};
	objectVersion = 50;
	objects = {

/* Begin PBXBuildFile section */
		494842E52841C5BC0030D98B /* main.swift in Sources */ = {isa = PBXBuildFile; fileRef = 494842E42841C5BC0030D98B /* main.swift */; };
		494842F82841C6460030D98B /* Values.swift in Sources */ = {isa = PBXBuildFile; fileRef = 494842F72841C6460030D98B /* Values.swift */; };
		494842FA2841C64A0030D98B /* IO.swift in Sources */ = {isa = PBXBuildFile; fileRef = 494842F92841C64A0030D98B /* IO.swift */; };
		494842FC2841CB090030D98B /* Solver.swift in Sources */ = {isa = PBXBuildFile; fileRef = 494842FB2841CB090030D98B /* Solver.swift */; };
		494842FE2841CB2B0030D98B /* Board.swift in Sources */ = {isa = PBXBuildFile; fileRef = 494842FD2841CB2B0030D98B /* Board.swift */; };
		49484300284208D70030D98B /* TreeConstructor.swift in Sources */ = {isa = PBXBuildFile; fileRef = 494842FF284208D70030D98B /* TreeConstructor.swift */; };
		49484302284208E00030D98B /* MoveConstructor.swift in Sources */ = {isa = PBXBuildFile; fileRef = 49484301284208E00030D98B /* MoveConstructor.swift */; };
		49484304284208E50030D98B /* UnionFind.swift in Sources */ = {isa = PBXBuildFile; fileRef = 49484303284208E50030D98B /* UnionFind.swift */; };
		496E7B5D2843B40100F351C1 /* Utils.swift in Sources */ = {isa = PBXBuildFile; fileRef = 496E7B5C2843B40100F351C1 /* Utils.swift */; };
		49F55DFA28446E74005737B6 /* TileTest.swift in Sources */ = {isa = PBXBuildFile; fileRef = 49F55DF928446E74005737B6 /* TileTest.swift */; };
		49F55E0528446FD1005737B6 /* BoardTest.swift in Sources */ = {isa = PBXBuildFile; fileRef = 49F55E0428446FD1005737B6 /* BoardTest.swift */; };
		B1AB0BD22847A117006EDA3B /* Queue.swift in Sources */ = {isa = PBXBuildFile; fileRef = B1AB0BD12847A117006EDA3B /* Queue.swift */; };
		B1AB0BD42847A710006EDA3B /* MoveTest.swift in Sources */ = {isa = PBXBuildFile; fileRef = B1AB0BD32847A710006EDA3B /* MoveTest.swift */; };
		B1AB0BD62847A790006EDA3B /* main.swift in Sources */ = {isa = PBXBuildFile; fileRef = 494842E42841C5BC0030D98B /* main.swift */; };
		B1AB0BD72847A790006EDA3B /* TreeConstructor.swift in Sources */ = {isa = PBXBuildFile; fileRef = 494842FF284208D70030D98B /* TreeConstructor.swift */; };
		B1AB0BD82847A790006EDA3B /* MoveConstructor.swift in Sources */ = {isa = PBXBuildFile; fileRef = 49484301284208E00030D98B /* MoveConstructor.swift */; };
		B1AB0BD92847A790006EDA3B /* Utils.swift in Sources */ = {isa = PBXBuildFile; fileRef = 496E7B5C2843B40100F351C1 /* Utils.swift */; };
		B1AB0BDA2847A790006EDA3B /* UnionFind.swift in Sources */ = {isa = PBXBuildFile; fileRef = 49484303284208E50030D98B /* UnionFind.swift */; };
		B1AB0BDB2847A790006EDA3B /* IO.swift in Sources */ = {isa = PBXBuildFile; fileRef = 494842F92841C64A0030D98B /* IO.swift */; };
		B1AB0BDC2847A790006EDA3B /* Solver.swift in Sources */ = {isa = PBXBuildFile; fileRef = 494842FB2841CB090030D98B /* Solver.swift */; };
		B1AB0BDD2847A790006EDA3B /* Values.swift in Sources */ = {isa = PBXBuildFile; fileRef = 494842F72841C6460030D98B /* Values.swift */; };
		B1AB0BDE2847A790006EDA3B /* Queue.swift in Sources */ = {isa = PBXBuildFile; fileRef = B1AB0BD12847A117006EDA3B /* Queue.swift */; };
		B1AB0BDF2847A790006EDA3B /* Board.swift in Sources */ = {isa = PBXBuildFile; fileRef = 494842FD2841CB2B0030D98B /* Board.swift */; };
/* End PBXBuildFile section */

/* Begin PBXCopyFilesBuildPhase section */
		494842DF2841C5BC0030D98B /* CopyFiles */ = {
			isa = PBXCopyFilesBuildPhase;
			buildActionMask = 2147483647;
			dstPath = /usr/share/man/man1/;
			dstSubfolderSpec = 0;
			files = (
			);
			runOnlyForDeploymentPostprocessing = 1;
		};
/* End PBXCopyFilesBuildPhase section */

/* Begin PBXFileReference section */
		494842E12841C5BC0030D98B /* AHC011 */ = {isa = PBXFileReference; explicitFileType = "compiled.mach-o.executable"; includeInIndex = 0; path = AHC011; sourceTree = BUILT_PRODUCTS_DIR; };
		494842E42841C5BC0030D98B /* main.swift */ = {isa = PBXFileReference; lastKnownFileType = sourcecode.swift; path = main.swift; sourceTree = "<group>"; };
		494842EF2841C5FD0030D98B /* AHC011Test.xctest */ = {isa = PBXFileReference; explicitFileType = wrapper.cfbundle; includeInIndex = 0; path = AHC011Test.xctest; sourceTree = BUILT_PRODUCTS_DIR; };
		494842F32841C5FD0030D98B /* Info.plist */ = {isa = PBXFileReference; lastKnownFileType = text.plist.xml; path = Info.plist; sourceTree = "<group>"; };
		494842F72841C6460030D98B /* Values.swift */ = {isa = PBXFileReference; lastKnownFileType = sourcecode.swift; path = Values.swift; sourceTree = "<group>"; };
		494842F92841C64A0030D98B /* IO.swift */ = {isa = PBXFileReference; lastKnownFileType = sourcecode.swift; path = IO.swift; sourceTree = "<group>"; };
		494842FB2841CB090030D98B /* Solver.swift */ = {isa = PBXFileReference; lastKnownFileType = sourcecode.swift; path = Solver.swift; sourceTree = "<group>"; };
		494842FD2841CB2B0030D98B /* Board.swift */ = {isa = PBXFileReference; lastKnownFileType = sourcecode.swift; path = Board.swift; sourceTree = "<group>"; };
		494842FF284208D70030D98B /* TreeConstructor.swift */ = {isa = PBXFileReference; lastKnownFileType = sourcecode.swift; path = TreeConstructor.swift; sourceTree = "<group>"; };
		49484301284208E00030D98B /* MoveConstructor.swift */ = {isa = PBXFileReference; lastKnownFileType = sourcecode.swift; path = MoveConstructor.swift; sourceTree = "<group>"; };
		49484303284208E50030D98B /* UnionFind.swift */ = {isa = PBXFileReference; lastKnownFileType = sourcecode.swift; path = UnionFind.swift; sourceTree = "<group>"; };
		496E7B5C2843B40100F351C1 /* Utils.swift */ = {isa = PBXFileReference; lastKnownFileType = sourcecode.swift; path = Utils.swift; sourceTree = "<group>"; };
		49F55DF928446E74005737B6 /* TileTest.swift */ = {isa = PBXFileReference; lastKnownFileType = sourcecode.swift; path = TileTest.swift; sourceTree = "<group>"; };
		49F55E0428446FD1005737B6 /* BoardTest.swift */ = {isa = PBXFileReference; lastKnownFileType = sourcecode.swift; path = BoardTest.swift; sourceTree = "<group>"; };
		B1AB0BD12847A117006EDA3B /* Queue.swift */ = {isa = PBXFileReference; lastKnownFileType = sourcecode.swift; path = Queue.swift; sourceTree = "<group>"; };
		B1AB0BD32847A710006EDA3B /* MoveTest.swift */ = {isa = PBXFileReference; lastKnownFileType = sourcecode.swift; path = MoveTest.swift; sourceTree = "<group>"; };
/* End PBXFileReference section */

/* Begin PBXFrameworksBuildPhase section */
		494842DE2841C5BC0030D98B /* Frameworks */ = {
			isa = PBXFrameworksBuildPhase;
			buildActionMask = 2147483647;
			files = (
			);
			runOnlyForDeploymentPostprocessing = 0;
		};
		494842EC2841C5FD0030D98B /* Frameworks */ = {
			isa = PBXFrameworksBuildPhase;
			buildActionMask = 2147483647;
			files = (
			);
			runOnlyForDeploymentPostprocessing = 0;
		};
/* End PBXFrameworksBuildPhase section */

/* Begin PBXGroup section */
		494842D82841C5BC0030D98B = {
			isa = PBXGroup;
			children = (
				494842E32841C5BC0030D98B /* AHC011 */,
				494842F02841C5FD0030D98B /* AHC011Test */,
				494842E22841C5BC0030D98B /* Products */,
			);
			sourceTree = "<group>";
		};
		494842E22841C5BC0030D98B /* Products */ = {
			isa = PBXGroup;
			children = (
				494842E12841C5BC0030D98B /* AHC011 */,
				494842EF2841C5FD0030D98B /* AHC011Test.xctest */,
			);
			name = Products;
			sourceTree = "<group>";
		};
		494842E32841C5BC0030D98B /* AHC011 */ = {
			isa = PBXGroup;
			children = (
				494842E42841C5BC0030D98B /* main.swift */,
				494842FB2841CB090030D98B /* Solver.swift */,
				494842FF284208D70030D98B /* TreeConstructor.swift */,
				49484301284208E00030D98B /* MoveConstructor.swift */,
				49484303284208E50030D98B /* UnionFind.swift */,
				B1AB0BD12847A117006EDA3B /* Queue.swift */,
				494842FD2841CB2B0030D98B /* Board.swift */,
				496E7B5C2843B40100F351C1 /* Utils.swift */,
				494842F72841C6460030D98B /* Values.swift */,
				494842F92841C64A0030D98B /* IO.swift */,
			);
			path = AHC011;
			sourceTree = "<group>";
		};
		494842F02841C5FD0030D98B /* AHC011Test */ = {
			isa = PBXGroup;
			children = (
				49F55DF928446E74005737B6 /* TileTest.swift */,
				B1AB0BD32847A710006EDA3B /* MoveTest.swift */,
				49F55E0428446FD1005737B6 /* BoardTest.swift */,
				494842F32841C5FD0030D98B /* Info.plist */,
			);
			path = AHC011Test;
			sourceTree = "<group>";
		};
/* End PBXGroup section */

/* Begin PBXNativeTarget section */
		494842E02841C5BC0030D98B /* AHC011 */ = {
			isa = PBXNativeTarget;
			buildConfigurationList = 494842E82841C5BC0030D98B /* Build configuration list for PBXNativeTarget "AHC011" */;
			buildPhases = (
				494842DD2841C5BC0030D98B /* Sources */,
				494842DE2841C5BC0030D98B /* Frameworks */,
				494842DF2841C5BC0030D98B /* CopyFiles */,
			);
			buildRules = (
			);
			dependencies = (
			);
			name = AHC011;
			productName = AHC011;
			productReference = 494842E12841C5BC0030D98B /* AHC011 */;
			productType = "com.apple.product-type.tool";
		};
		494842EE2841C5FD0030D98B /* AHC011Test */ = {
			isa = PBXNativeTarget;
			buildConfigurationList = 494842F62841C5FD0030D98B /* Build configuration list for PBXNativeTarget "AHC011Test" */;
			buildPhases = (
				494842EB2841C5FD0030D98B /* Sources */,
				494842EC2841C5FD0030D98B /* Frameworks */,
				494842ED2841C5FD0030D98B /* Resources */,
			);
			buildRules = (
			);
			dependencies = (
			);
			name = AHC011Test;
			productName = AHC011Test;
			productReference = 494842EF2841C5FD0030D98B /* AHC011Test.xctest */;
			productType = "com.apple.product-type.bundle.unit-test";
		};
/* End PBXNativeTarget section */

/* Begin PBXProject section */
		494842D92841C5BC0030D98B /* Project object */ = {
			isa = PBXProject;
			attributes = {
				LastSwiftUpdateCheck = 1250;
				LastUpgradeCheck = 1250;
				TargetAttributes = {
					494842E02841C5BC0030D98B = {
						CreatedOnToolsVersion = 12.5.1;
					};
					494842EE2841C5FD0030D98B = {
						CreatedOnToolsVersion = 12.5.1;
					};
				};
			};
			buildConfigurationList = 494842DC2841C5BC0030D98B /* Build configuration list for PBXProject "AHC011" */;
			compatibilityVersion = "Xcode 9.3";
			developmentRegion = en;
			hasScannedForEncodings = 0;
			knownRegions = (
				en,
				Base,
			);
			mainGroup = 494842D82841C5BC0030D98B;
			productRefGroup = 494842E22841C5BC0030D98B /* Products */;
			projectDirPath = "";
			projectRoot = "";
			targets = (
				494842E02841C5BC0030D98B /* AHC011 */,
				494842EE2841C5FD0030D98B /* AHC011Test */,
			);
		};
/* End PBXProject section */

/* Begin PBXResourcesBuildPhase section */
		494842ED2841C5FD0030D98B /* Resources */ = {
			isa = PBXResourcesBuildPhase;
			buildActionMask = 2147483647;
			files = (
			);
			runOnlyForDeploymentPostprocessing = 0;
		};
/* End PBXResourcesBuildPhase section */

/* Begin PBXSourcesBuildPhase section */
		494842DD2841C5BC0030D98B /* Sources */ = {
			isa = PBXSourcesBuildPhase;
			buildActionMask = 2147483647;
			files = (
				49484300284208D70030D98B /* TreeConstructor.swift in Sources */,
				49484302284208E00030D98B /* MoveConstructor.swift in Sources */,
				496E7B5D2843B40100F351C1 /* Utils.swift in Sources */,
				494842E52841C5BC0030D98B /* main.swift in Sources */,
				494842F82841C6460030D98B /* Values.swift in Sources */,
				B1AB0BD22847A117006EDA3B /* Queue.swift in Sources */,
				49484304284208E50030D98B /* UnionFind.swift in Sources */,
				494842FE2841CB2B0030D98B /* Board.swift in Sources */,
				494842FC2841CB090030D98B /* Solver.swift in Sources */,
				494842FA2841C64A0030D98B /* IO.swift in Sources */,
			);
			runOnlyForDeploymentPostprocessing = 0;
		};
		494842EB2841C5FD0030D98B /* Sources */ = {
			isa = PBXSourcesBuildPhase;
			buildActionMask = 2147483647;
			files = (
				B1AB0BDC2847A790006EDA3B /* Solver.swift in Sources */,
				49F55E0528446FD1005737B6 /* BoardTest.swift in Sources */,
				B1AB0BD42847A710006EDA3B /* MoveTest.swift in Sources */,
				B1AB0BDB2847A790006EDA3B /* IO.swift in Sources */,
				B1AB0BD72847A790006EDA3B /* TreeConstructor.swift in Sources */,
				B1AB0BD92847A790006EDA3B /* Utils.swift in Sources */,
				B1AB0BDF2847A790006EDA3B /* Board.swift in Sources */,
				B1AB0BDA2847A790006EDA3B /* UnionFind.swift in Sources */,
				B1AB0BDE2847A790006EDA3B /* Queue.swift in Sources */,
				B1AB0BD82847A790006EDA3B /* MoveConstructor.swift in Sources */,
				B1AB0BD62847A790006EDA3B /* main.swift in Sources */,
				49F55DFA28446E74005737B6 /* TileTest.swift in Sources */,
				B1AB0BDD2847A790006EDA3B /* Values.swift in Sources */,
			);
			runOnlyForDeploymentPostprocessing = 0;
		};
/* End PBXSourcesBuildPhase section */

/* Begin XCBuildConfiguration section */
		494842E62841C5BC0030D98B /* Debug */ = {
			isa = XCBuildConfiguration;
			buildSettings = {
				ALWAYS_SEARCH_USER_PATHS = NO;
				CLANG_ANALYZER_NONNULL = YES;
				CLANG_ANALYZER_NUMBER_OBJECT_CONVERSION = YES_AGGRESSIVE;
				CLANG_CXX_LANGUAGE_STANDARD = "gnu++14";
				CLANG_CXX_LIBRARY = "libc++";
				CLANG_ENABLE_MODULES = YES;
				CLANG_ENABLE_OBJC_ARC = YES;
				CLANG_ENABLE_OBJC_WEAK = YES;
				CLANG_WARN_BLOCK_CAPTURE_AUTORELEASING = YES;
				CLANG_WARN_BOOL_CONVERSION = YES;
				CLANG_WARN_COMMA = YES;
				CLANG_WARN_CONSTANT_CONVERSION = YES;
				CLANG_WARN_DEPRECATED_OBJC_IMPLEMENTATIONS = YES;
				CLANG_WARN_DIRECT_OBJC_ISA_USAGE = YES_ERROR;
				CLANG_WARN_DOCUMENTATION_COMMENTS = YES;
				CLANG_WARN_EMPTY_BODY = YES;
				CLANG_WARN_ENUM_CONVERSION = YES;
				CLANG_WARN_INFINITE_RECURSION = YES;
				CLANG_WARN_INT_CONVERSION = YES;
				CLANG_WARN_NON_LITERAL_NULL_CONVERSION = YES;
				CLANG_WARN_OBJC_IMPLICIT_RETAIN_SELF = YES;
				CLANG_WARN_OBJC_LITERAL_CONVERSION = YES;
				CLANG_WARN_OBJC_ROOT_CLASS = YES_ERROR;
				CLANG_WARN_QUOTED_INCLUDE_IN_FRAMEWORK_HEADER = YES;
				CLANG_WARN_RANGE_LOOP_ANALYSIS = YES;
				CLANG_WARN_STRICT_PROTOTYPES = YES;
				CLANG_WARN_SUSPICIOUS_MOVE = YES;
				CLANG_WARN_UNGUARDED_AVAILABILITY = YES_AGGRESSIVE;
				CLANG_WARN_UNREACHABLE_CODE = YES;
				CLANG_WARN__DUPLICATE_METHOD_MATCH = YES;
				COPY_PHASE_STRIP = NO;
				DEBUG_INFORMATION_FORMAT = dwarf;
				ENABLE_STRICT_OBJC_MSGSEND = YES;
				ENABLE_TESTABILITY = YES;
				GCC_C_LANGUAGE_STANDARD = gnu11;
				GCC_DYNAMIC_NO_PIC = NO;
				GCC_NO_COMMON_BLOCKS = YES;
				GCC_OPTIMIZATION_LEVEL = 0;
				GCC_PREPROCESSOR_DEFINITIONS = (
					"DEBUG=1",
					"$(inherited)",
				);
				GCC_WARN_64_TO_32_BIT_CONVERSION = YES;
				GCC_WARN_ABOUT_RETURN_TYPE = YES_ERROR;
				GCC_WARN_UNDECLARED_SELECTOR = YES;
				GCC_WARN_UNINITIALIZED_AUTOS = YES_AGGRESSIVE;
				GCC_WARN_UNUSED_FUNCTION = YES;
				GCC_WARN_UNUSED_VARIABLE = YES;
				MACOSX_DEPLOYMENT_TARGET = 11.3;
				MTL_ENABLE_DEBUG_INFO = INCLUDE_SOURCE;
				MTL_FAST_MATH = YES;
				ONLY_ACTIVE_ARCH = YES;
				SDKROOT = macosx;
				SWIFT_ACTIVE_COMPILATION_CONDITIONS = DEBUG;
				SWIFT_OPTIMIZATION_LEVEL = "-Onone";
			};
			name = Debug;
		};
		494842E72841C5BC0030D98B /* Release */ = {
			isa = XCBuildConfiguration;
			buildSettings = {
				ALWAYS_SEARCH_USER_PATHS = NO;
				CLANG_ANALYZER_NONNULL = YES;
				CLANG_ANALYZER_NUMBER_OBJECT_CONVERSION = YES_AGGRESSIVE;
				CLANG_CXX_LANGUAGE_STANDARD = "gnu++14";
				CLANG_CXX_LIBRARY = "libc++";
				CLANG_ENABLE_MODULES = YES;
				CLANG_ENABLE_OBJC_ARC = YES;
				CLANG_ENABLE_OBJC_WEAK = YES;
				CLANG_WARN_BLOCK_CAPTURE_AUTORELEASING = YES;
				CLANG_WARN_BOOL_CONVERSION = YES;
				CLANG_WARN_COMMA = YES;
				CLANG_WARN_CONSTANT_CONVERSION = YES;
				CLANG_WARN_DEPRECATED_OBJC_IMPLEMENTATIONS = YES;
				CLANG_WARN_DIRECT_OBJC_ISA_USAGE = YES_ERROR;
				CLANG_WARN_DOCUMENTATION_COMMENTS = YES;
				CLANG_WARN_EMPTY_BODY = YES;
				CLANG_WARN_ENUM_CONVERSION = YES;
				CLANG_WARN_INFINITE_RECURSION = YES;
				CLANG_WARN_INT_CONVERSION = YES;
				CLANG_WARN_NON_LITERAL_NULL_CONVERSION = YES;
				CLANG_WARN_OBJC_IMPLICIT_RETAIN_SELF = YES;
				CLANG_WARN_OBJC_LITERAL_CONVERSION = YES;
				CLANG_WARN_OBJC_ROOT_CLASS = YES_ERROR;
				CLANG_WARN_QUOTED_INCLUDE_IN_FRAMEWORK_HEADER = YES;
				CLANG_WARN_RANGE_LOOP_ANALYSIS = YES;
				CLANG_WARN_STRICT_PROTOTYPES = YES;
				CLANG_WARN_SUSPICIOUS_MOVE = YES;
				CLANG_WARN_UNGUARDED_AVAILABILITY = YES_AGGRESSIVE;
				CLANG_WARN_UNREACHABLE_CODE = YES;
				CLANG_WARN__DUPLICATE_METHOD_MATCH = YES;
				COPY_PHASE_STRIP = NO;
				DEBUG_INFORMATION_FORMAT = "dwarf-with-dsym";
				ENABLE_NS_ASSERTIONS = NO;
				ENABLE_STRICT_OBJC_MSGSEND = YES;
				GCC_C_LANGUAGE_STANDARD = gnu11;
				GCC_NO_COMMON_BLOCKS = YES;
				GCC_WARN_64_TO_32_BIT_CONVERSION = YES;
				GCC_WARN_ABOUT_RETURN_TYPE = YES_ERROR;
				GCC_WARN_UNDECLARED_SELECTOR = YES;
				GCC_WARN_UNINITIALIZED_AUTOS = YES_AGGRESSIVE;
				GCC_WARN_UNUSED_FUNCTION = YES;
				GCC_WARN_UNUSED_VARIABLE = YES;
				MACOSX_DEPLOYMENT_TARGET = 11.3;
				MTL_ENABLE_DEBUG_INFO = NO;
				MTL_FAST_MATH = YES;
				SDKROOT = macosx;
				SWIFT_COMPILATION_MODE = wholemodule;
				SWIFT_OPTIMIZATION_LEVEL = "-O";
			};
			name = Release;
		};
		494842E92841C5BC0030D98B /* Debug */ = {
			isa = XCBuildConfiguration;
			buildSettings = {
				CODE_SIGN_STYLE = Automatic;
				DEVELOPMENT_TEAM = 4XV222H52K;
				ENABLE_HARDENED_RUNTIME = YES;
				PRODUCT_NAME = "$(TARGET_NAME)";
				SWIFT_VERSION = 5.0;
			};
			name = Debug;
		};
		494842EA2841C5BC0030D98B /* Release */ = {
			isa = XCBuildConfiguration;
			buildSettings = {
				CODE_SIGN_STYLE = Automatic;
				DEVELOPMENT_TEAM = 4XV222H52K;
				ENABLE_HARDENED_RUNTIME = YES;
				PRODUCT_NAME = "$(TARGET_NAME)";
				SWIFT_VERSION = 5.0;
			};
			name = Release;
		};
		494842F42841C5FD0030D98B /* Debug */ = {
			isa = XCBuildConfiguration;
			buildSettings = {
				CODE_SIGN_STYLE = Automatic;
				COMBINE_HIDPI_IMAGES = YES;
				DEVELOPMENT_TEAM = 4XV222H52K;
				INFOPLIST_FILE = AHC011Test/Info.plist;
				LD_RUNPATH_SEARCH_PATHS = (
					"$(inherited)",
					"@executable_path/../Frameworks",
					"@loader_path/../Frameworks",
				);
				PRODUCT_BUNDLE_IDENTIFIER = com.tishii24.AHC011Test;
				PRODUCT_NAME = "$(TARGET_NAME)";
				SWIFT_VERSION = 5.0;
			};
			name = Debug;
		};
		494842F52841C5FD0030D98B /* Release */ = {
			isa = XCBuildConfiguration;
			buildSettings = {
				CODE_SIGN_STYLE = Automatic;
				COMBINE_HIDPI_IMAGES = YES;
				DEVELOPMENT_TEAM = 4XV222H52K;
				INFOPLIST_FILE = AHC011Test/Info.plist;
				LD_RUNPATH_SEARCH_PATHS = (
					"$(inherited)",
					"@executable_path/../Frameworks",
					"@loader_path/../Frameworks",
				);
				PRODUCT_BUNDLE_IDENTIFIER = com.tishii24.AHC011Test;
				PRODUCT_NAME = "$(TARGET_NAME)";
				SWIFT_VERSION = 5.0;
			};
			name = Release;
		};
/* End XCBuildConfiguration section */

/* Begin XCConfigurationList section */
		494842DC2841C5BC0030D98B /* Build configuration list for PBXProject "AHC011" */ = {
			isa = XCConfigurationList;
			buildConfigurations = (
				494842E62841C5BC0030D98B /* Debug */,
				494842E72841C5BC0030D98B /* Release */,
			);
			defaultConfigurationIsVisible = 0;
			defaultConfigurationName = Release;
		};
		494842E82841C5BC0030D98B /* Build configuration list for PBXNativeTarget "AHC011" */ = {
			isa = XCConfigurationList;
			buildConfigurations = (
				494842E92841C5BC0030D98B /* Debug */,
				494842EA2841C5BC0030D98B /* Release */,
			);
			defaultConfigurationIsVisible = 0;
			defaultConfigurationName = Release;
		};
		494842F62841C5FD0030D98B /* Build configuration list for PBXNativeTarget "AHC011Test" */ = {
			isa = XCConfigurationList;
			buildConfigurations = (
				494842F42841C5FD0030D98B /* Debug */,
				494842F52841C5FD0030D98B /* Release */,
			);
			defaultConfigurationIsVisible = 0;
			defaultConfigurationName = Release;
		};
/* End XCConfigurationList section */
	};
	rootObject = 494842D92841C5BC0030D98B /* Project object */;
}
